
Microsoft Visual Studio Solution File, Format Version 12.00
# Visual Studio Version 17
VisualStudioVersion = 17.9.34607.119
MinimumVisualStudioVersion = 10.0.40219.1
Project("{FAE04EC0-301F-11D3-BF4B-00C04F79EFBC}") = "IndustriasStark.Android", "IndustriasStark\IndustriasStark.Android\IndustriasStark.Android.csproj", "{3C5D2C9A-1B5C-4640-A1AA-974AF2DA3B79}"
EndProject
Project("{FAE04EC0-301F-11D3-BF4B-00C04F79EFBC}") = "IndustriasStark", "IndustriasStark\IndustriasStark\IndustriasStark.csproj", "{44A26D1A-1157-4D72-9B7C-708C1F22E4A2}"
EndProject
Global
	GlobalSection(SolutionConfigurationPlatforms) = preSolution
		Debug|Any CPU = Debug|Any CPU
		Release|Any CPU = Release|Any CPU
	EndGlobalSection
	GlobalSection(ProjectConfigurationPlatforms) = postSolution
		{3C5D2C9A-1B5C-4640-A1AA-974AF2DA3B79}.Debug|Any CPU.ActiveCfg = Debug|Any CPU
		{3C5D2C9A-1B5C-4640-A1AA-974AF2DA3B79}.Debug|Any CPU.Build.0 = Debug|Any CPU
		{3C5D2C9A-1B5C-4640-A1AA-974AF2DA3B79}.Debug|Any CPU.Deploy.0 = Debug|Any CPU
		{3C5D2C9A-1B5C-4640-A1AA-974AF2DA3B79}.Release|Any CPU.ActiveCfg = Release|Any CPU
		{3C5D2C9A-1B5C-4640-A1AA-974AF2DA3B79}.Release|Any CPU.Build.0 = Release|Any CPU
		{3C5D2C9A-1B5C-4640-A1AA-974AF2DA3B79}.Release|Any CPU.Deploy.0 = Release|Any CPU
		{44A26D1A-1157-4D72-9B7C-708C1F22E4A2}.Debug|Any CPU.ActiveCfg = Debug|Any CPU
		{44A26D1A-1157-4D72-9B7C-708C1F22E4A2}.Debug|Any CPU.Build.0 = Debug|Any CPU
		{44A26D1A-1157-4D72-9B7C-708C1F22E4A2}.Debug|Any CPU.Deploy.0 = Debug|Any CPU
		{44A26D1A-1157-4D72-9B7C-708C1F22E4A2}.Release|Any CPU.ActiveCfg = Release|Any CPU
		{44A26D1A-1157-4D72-9B7C-708C1F22E4A2}.Release|Any CPU.Build.0 = Release|Any CPU
		{44A26D1A-1157-4D72-9B7C-708C1F22E4A2}.Release|Any CPU.Deploy.0 = Release|Any CPU
	EndGlobalSection
	GlobalSection(SolutionProperties) = preSolution
		HideSolutionNode = FALSE
	EndGlobalSection
	GlobalSection(ExtensibilityGlobals) = postSolution
		SolutionGuid = {8AFADFCD-690E-4D16-968D-F0ABAE6454E0}
	EndGlobalSection
EndGlobal
